
Microsoft Visual Studio Solution File, Format Version 12.00
# Visual Studio Version 17
VisualStudioVersion = 17.2.32616.157
MinimumVisualStudioVersion = 10.0.40219.1
Project("{9A19103F-16F7-4668-BE54-9A1E7A4F7556}") = "CapaPresentacion", "GestionClientes\CapaPresentacion.csproj", "{66EA4A7D-E4BD-4097-B3B6-2A3CBAE3D677}"
EndProject
Project("{FAE04EC0-301F-11D3-BF4B-00C04F79EFBC}") = "CapaNegocio", "CapaNegocio\CapaNegocio.csproj", "{8CF6A01E-9A1D-4E0A-AAE2-8B7A56D0D44D}"
EndProject
Project("{FAE04EC0-301F-11D3-BF4B-00C04F79EFBC}") = "CapaDatos", "CapaDatos\CapaDatos.csproj", "{256163BD-7F18-42DF-A780-8530E422B112}"
EndProject
Global
	GlobalSection(SolutionConfigurationPlatforms) = preSolution
		Debug|Any CPU = Debug|Any CPU
		Release|Any CPU = Release|Any CPU
	EndGlobalSection
	GlobalSection(ProjectConfigurationPlatforms) = postSolution
		{66EA4A7D-E4BD-4097-B3B6-2A3CBAE3D677}.Debug|Any CPU.ActiveCfg = Debug|Any CPU
		{66EA4A7D-E4BD-4097-B3B6-2A3CBAE3D677}.Debug|Any CPU.Build.0 = Debug|Any CPU
		{66EA4A7D-E4BD-4097-B3B6-2A3CBAE3D677}.Release|Any CPU.ActiveCfg = Release|Any CPU
		{66EA4A7D-E4BD-4097-B3B6-2A3CBAE3D677}.Release|Any CPU.Build.0 = Release|Any CPU
		{8CF6A01E-9A1D-4E0A-AAE2-8B7A56D0D44D}.Debug|Any CPU.ActiveCfg = Debug|Any CPU
		{8CF6A01E-9A1D-4E0A-AAE2-8B7A56D0D44D}.Debug|Any CPU.Build.0 = Debug|Any CPU
		{8CF6A01E-9A1D-4E0A-AAE2-8B7A56D0D44D}.Release|Any CPU.ActiveCfg = Release|Any CPU
		{8CF6A01E-9A1D-4E0A-AAE2-8B7A56D0D44D}.Release|Any CPU.Build.0 = Release|Any CPU
		{256163BD-7F18-42DF-A780-8530E422B112}.Debug|Any CPU.ActiveCfg = Debug|Any CPU
		{256163BD-7F18-42DF-A780-8530E422B112}.Debug|Any CPU.Build.0 = Debug|Any CPU
		{256163BD-7F18-42DF-A780-8530E422B112}.Release|Any CPU.ActiveCfg = Release|Any CPU
		{256163BD-7F18-42DF-A780-8530E422B112}.Release|Any CPU.Build.0 = Release|Any CPU
	EndGlobalSection
	GlobalSection(SolutionProperties) = preSolution
		HideSolutionNode = FALSE
	EndGlobalSection
	GlobalSection(ExtensibilityGlobals) = postSolution
		SolutionGuid = {354AA650-E975-4506-8A64-543693D8179E}
	EndGlobalSection
EndGlobal
